<?xml version="1.0" encoding="utf-8"?>
<Project ToolsVersion="4.0" xmlns="http://schemas.microsoft.com/developer/msbuild/2003">
  <ItemGroup>
    <Filter Include="support">
      <UniqueIdentifier>{cb8187b0-78bc-455e-96ea-4d27602b4931}</UniqueIdentifier>
    </Filter>
    <Filter Include="gl">
      <UniqueIdentifier>{2d04f970-5440-4614-8888-cb71afcbaf98}</UniqueIdentifier>
    </Filter>
    <Filter Include="sora">
      <UniqueIdentifier>{21178454-29f2-4046-a1a5-5c718de4df4f}</UniqueIdentifier>
    </Filter>
  </ItemGroup>
  <ItemGroup>
    <ClCompile Include="haruna\gl\shader.cpp">
      <Filter>gl</Filter>
    </ClCompile>
    <ClCompile Include="sora\filesystem.cpp">
      <Filter>sora</Filter>
    </ClCompile>
    <ClCompile Include="stdafx.cpp">
      <Filter>support</Filter>
    </ClCompile>
    <ClCompile Include="sora\low_level_c_file.cpp">
      <Filter>sora</Filter>
    </ClCompile>
    <ClCompile Include="sora\memory_file.cpp">
      <Filter>sora</Filter>
    </ClCompile>
    <ClCompile Include="sora\logger.cpp">
      <Filter>sora</Filter>
    </ClCompile>
  </ItemGroup>
  <ItemGroup>
    <ClInclude Include="haruna\gl\shader.h">
      <Filter>gl</Filter>
    </ClInclude>
    <ClInclude Include="sora\filesystem.h">
      <Filter>sora</Filter>
    </ClInclude>
    <ClInclude Include="stdafx.h">
      <Filter>support</Filter>
    </ClInclude>
    <ClInclude Include="sora\low_level_c_file.h">
      <Filter>sora</Filter>
    </ClInclude>
    <ClInclude Include="sora\memory_file.h">
      <Filter>sora</Filter>
    </ClInclude>
    <ClInclude Include="sora\assert_inc.h">
      <Filter>sora</Filter>
    </ClInclude>
    <ClInclude Include="sora\arch.h">
      <Filter>sora</Filter>
    </ClInclude>
    <ClInclude Include="sora\logger.h">
      <Filter>sora</Filter>
    </ClInclude>
    <ClInclude Include="sora\template_lib.h">
      <Filter>sora</Filter>
    </ClInclude>
  </ItemGroup>
</Project>