<?xml version="1.0" encoding="utf-8"?>
<Project ToolsVersion="4.0" xmlns="http://schemas.microsoft.com/developer/msbuild/2003">
  <ItemGroup>
    <ClCompile Include="haruna_exe\main.cpp" />
    <ClCompile Include="haruna_exe\renderer.cpp" />
    <ClCompile Include="haruna_exe\color_shader.cpp" />
    <ClCompile Include="haruna_exe\texture_mapping.cpp" />
    <ClCompile Include="haruna_exe\lighting.cpp" />
    <ClCompile Include="haruna_exe\diffuse_specular_mapping.cpp" />
    <ClCompile Include="haruna_exe\toon_shader.cpp" />
    <ClCompile Include="haruna_exe\normal_mapping.cpp" />
  </ItemGroup>
  <ItemGroup>
    <ClInclude Include="haruna_exe\renderer.h" />
    <ClInclude Include="haruna_exe\color_shader.h" />
    <ClInclude Include="haruna_exe\texture_mapping.h" />
    <ClInclude Include="haruna_exe\lighting.h" />
    <ClInclude Include="haruna_exe\diffuse_specular_mapping.h" />
    <ClInclude Include="haruna_exe\toon_shader.h" />
    <ClInclude Include="haruna_exe\normal_mapping.h" />
  </ItemGroup>
</Project>