<?xml version="1.0" encoding="utf-8"?>
<Project ToolsVersion="4.0" xmlns="http://schemas.microsoft.com/developer/msbuild/2003">
  <ItemGroup>
    <ClCompile Include="haruna_test\haruna\gl\buffer_object_test.cpp">
      <Filter>haruna\gl</Filter>
    </ClCompile>
    <ClCompile Include="haruna_test\sora\string_hash_test.cpp">
      <Filter>sora</Filter>
    </ClCompile>
    <ClCompile Include="haruna_test\sora\string_util_test.cpp">
      <Filter>sora</Filter>
    </ClCompile>
    <ClCompile Include="haruna_test\test_main.cpp">
      <Filter>support</Filter>
    </ClCompile>
    <ClCompile Include="haruna_test\test_stdafx.cpp">
      <Filter>support</Filter>
    </ClCompile>
    <ClCompile Include="haruna_test\sora\stack_allocator_test.cpp">
      <Filter>sora</Filter>
    </ClCompile>
    <ClCompile Include="haruna_test\haruna\debug_draw_manager_test.cpp">
      <Filter>haruna</Filter>
    </ClCompile>
    <ClCompile Include="haruna_test\sora\io\low_level_c_file_test.cpp">
      <Filter>sora\io</Filter>
    </ClCompile>
    <ClCompile Include="haruna_test\sora\io\filesystem_test.cpp">
      <Filter>sora\io</Filter>
    </ClCompile>
  </ItemGroup>
  <ItemGroup>
    <Filter Include="sora">
      <UniqueIdentifier>{ddc63c69-66cc-493d-9dd7-3db32f3140ed}</UniqueIdentifier>
    </Filter>
    <Filter Include="haruna">
      <UniqueIdentifier>{e8377b80-0aee-467d-8075-1f8954c6606b}</UniqueIdentifier>
    </Filter>
    <Filter Include="haruna\gl">
      <UniqueIdentifier>{4bbfe20a-7154-44db-85ba-5f163de3772f}</UniqueIdentifier>
    </Filter>
    <Filter Include="support">
      <UniqueIdentifier>{f3044ffc-a214-4861-b00c-82199ca19ff1}</UniqueIdentifier>
    </Filter>
    <Filter Include="sora\io">
      <UniqueIdentifier>{11b2eeb1-e7fa-47d4-871c-5b3395ba04c6}</UniqueIdentifier>
    </Filter>
  </ItemGroup>
  <ItemGroup>
    <ClInclude Include="haruna_test\test_stdafx.h">
      <Filter>support</Filter>
    </ClInclude>
  </ItemGroup>
</Project>