
Microsoft Visual Studio Solution File, Format Version 12.00
# Visual Studio 2012
Project("{8BC9CEB8-8B4A-11D0-8D11-00A0C91BC942}") = "haruna", "haruna.vcxproj", "{3AA66B95-EDFC-4E14-9DA2-F714C4DBE4AA}"
EndProject
Project("{8BC9CEB8-8B4A-11D0-8D11-00A0C91BC942}") = "haruna_test", "haruna_test.vcxproj", "{54C5067D-498F-4BCF-B874-B7B82817D0CF}"
EndProject
Project("{8BC9CEB8-8B4A-11D0-8D11-00A0C91BC942}") = "haruna_exe", "haruna_exe.vcxproj", "{C8484304-85AA-4712-80BF-A872E3401DF5}"
EndProject
Global
	GlobalSection(SolutionConfigurationPlatforms) = preSolution
		Debug|Win32 = Debug|Win32
		Release|Win32 = Release|Win32
	EndGlobalSection
	GlobalSection(ProjectConfigurationPlatforms) = postSolution
		{3AA66B95-EDFC-4E14-9DA2-F714C4DBE4AA}.Debug|Win32.ActiveCfg = Debug|Win32
		{3AA66B95-EDFC-4E14-9DA2-F714C4DBE4AA}.Debug|Win32.Build.0 = Debug|Win32
		{3AA66B95-EDFC-4E14-9DA2-F714C4DBE4AA}.Release|Win32.ActiveCfg = Release|Win32
		{3AA66B95-EDFC-4E14-9DA2-F714C4DBE4AA}.Release|Win32.Build.0 = Release|Win32
		{54C5067D-498F-4BCF-B874-B7B82817D0CF}.Debug|Win32.ActiveCfg = Debug|Win32
		{54C5067D-498F-4BCF-B874-B7B82817D0CF}.Debug|Win32.Build.0 = Debug|Win32
		{54C5067D-498F-4BCF-B874-B7B82817D0CF}.Release|Win32.ActiveCfg = Release|Win32
		{54C5067D-498F-4BCF-B874-B7B82817D0CF}.Release|Win32.Build.0 = Release|Win32
		{C8484304-85AA-4712-80BF-A872E3401DF5}.Debug|Win32.ActiveCfg = Debug|Win32
		{C8484304-85AA-4712-80BF-A872E3401DF5}.Debug|Win32.Build.0 = Debug|Win32
		{C8484304-85AA-4712-80BF-A872E3401DF5}.Release|Win32.ActiveCfg = Release|Win32
		{C8484304-85AA-4712-80BF-A872E3401DF5}.Release|Win32.Build.0 = Release|Win32
	EndGlobalSection
	GlobalSection(SolutionProperties) = preSolution
		HideSolutionNode = FALSE
	EndGlobalSection
EndGlobal
