<?xml version="1.0" encoding="utf-8"?>
<Project ToolsVersion="4.0" xmlns="http://schemas.microsoft.com/developer/msbuild/2003">
  <ItemGroup>
    <Filter Include="support">
      <UniqueIdentifier>{cb8187b0-78bc-455e-96ea-4d27602b4931}</UniqueIdentifier>
    </Filter>
    <Filter Include="sora">
      <UniqueIdentifier>{21178454-29f2-4046-a1a5-5c718de4df4f}</UniqueIdentifier>
    </Filter>
    <Filter Include="haruna">
      <UniqueIdentifier>{5d7af1bb-63e3-48ff-9145-dbfa128b9d90}</UniqueIdentifier>
    </Filter>
    <Filter Include="haruna\gl">
      <UniqueIdentifier>{2d04f970-5440-4614-8888-cb71afcbaf98}</UniqueIdentifier>
    </Filter>
  </ItemGroup>
  <ItemGroup>
    <ClCompile Include="haruna\gl\shader.cpp">
      <Filter>haruna\gl</Filter>
    </ClCompile>
    <ClCompile Include="sora\filesystem.cpp">
      <Filter>sora</Filter>
    </ClCompile>
    <ClCompile Include="stdafx.cpp">
      <Filter>support</Filter>
    </ClCompile>
    <ClCompile Include="sora\low_level_c_file.cpp">
      <Filter>sora</Filter>
    </ClCompile>
    <ClCompile Include="sora\memory_file.cpp">
      <Filter>sora</Filter>
    </ClCompile>
    <ClCompile Include="sora\logger.cpp">
      <Filter>sora</Filter>
    </ClCompile>
    <ClCompile Include="haruna\primitive_mesh.cpp">
      <Filter>haruna</Filter>
    </ClCompile>
    <ClCompile Include="haruna\gl\texture.cpp">
      <Filter>haruna\gl</Filter>
    </ClCompile>
    <ClCompile Include="haruna\lodepng.cpp">
      <Filter>haruna</Filter>
    </ClCompile>
    <ClCompile Include="haruna\gl\gl_env.cpp">
      <Filter>haruna\gl</Filter>
    </ClCompile>
    <ClCompile Include="sora\common_string.cpp">
      <Filter>sora</Filter>
    </ClCompile>
    <ClCompile Include="haruna\parametric_surface.cpp">
      <Filter>haruna</Filter>
    </ClCompile>
    <ClCompile Include="sora\math_helper.cpp">
      <Filter>sora</Filter>
    </ClCompile>
    <ClCompile Include="haruna\gl\frame_buffer.cpp">
      <Filter>haruna\gl</Filter>
    </ClCompile>
    <ClCompile Include="haruna\gl\buffer_object.cpp">
      <Filter>haruna\gl</Filter>
    </ClCompile>
    <ClCompile Include="sora\stack_allocator.cpp">
      <Filter>sora</Filter>
    </ClCompile>
  </ItemGroup>
  <ItemGroup>
    <ClInclude Include="haruna\gl\shader.h">
      <Filter>haruna\gl</Filter>
    </ClInclude>
    <ClInclude Include="sora\filesystem.h">
      <Filter>sora</Filter>
    </ClInclude>
    <ClInclude Include="stdafx.h">
      <Filter>support</Filter>
    </ClInclude>
    <ClInclude Include="sora\low_level_c_file.h">
      <Filter>sora</Filter>
    </ClInclude>
    <ClInclude Include="sora\memory_file.h">
      <Filter>sora</Filter>
    </ClInclude>
    <ClInclude Include="sora\assert_inc.h">
      <Filter>sora</Filter>
    </ClInclude>
    <ClInclude Include="sora\arch.h">
      <Filter>sora</Filter>
    </ClInclude>
    <ClInclude Include="sora\logger.h">
      <Filter>sora</Filter>
    </ClInclude>
    <ClInclude Include="sora\template_lib.h">
      <Filter>sora</Filter>
    </ClInclude>
    <ClInclude Include="haruna\vertex.h">
      <Filter>haruna</Filter>
    </ClInclude>
    <ClInclude Include="haruna\primitive_mesh.h">
      <Filter>haruna</Filter>
    </ClInclude>
    <ClInclude Include="haruna\gl\texture.h">
      <Filter>haruna\gl</Filter>
    </ClInclude>
    <ClInclude Include="haruna\lodepng.h">
      <Filter>haruna</Filter>
    </ClInclude>
    <ClInclude Include="haruna\gl\gl_env.h">
      <Filter>haruna\gl</Filter>
    </ClInclude>
    <ClInclude Include="sora\common_string.h">
      <Filter>sora</Filter>
    </ClInclude>
    <ClInclude Include="haruna\parametric_surface.h">
      <Filter>haruna</Filter>
    </ClInclude>
    <ClInclude Include="haruna\parametric_equations.h">
      <Filter>haruna</Filter>
    </ClInclude>
    <ClInclude Include="sora\math_helper.h">
      <Filter>sora</Filter>
    </ClInclude>
    <ClInclude Include="haruna\gl\frame_buffer.h">
      <Filter>haruna\gl</Filter>
    </ClInclude>
    <ClInclude Include="haruna\gl\buffer_object.h">
      <Filter>haruna\gl</Filter>
    </ClInclude>
    <ClInclude Include="sora\string_util.h">
      <Filter>sora</Filter>
    </ClInclude>
    <ClInclude Include="sora\stack_allocator.h">
      <Filter>sora</Filter>
    </ClInclude>
    <ClInclude Include="sora\string_hash.h">
      <Filter>sora</Filter>
    </ClInclude>
  </ItemGroup>
</Project>