<?xml version="1.0" encoding="utf-8"?>
<Project ToolsVersion="4.0" xmlns="http://schemas.microsoft.com/developer/msbuild/2003">
  <ItemGroup>
    <Filter Include="support">
      <UniqueIdentifier>{cb8187b0-78bc-455e-96ea-4d27602b4931}</UniqueIdentifier>
    </Filter>
    <Filter Include="sora">
      <UniqueIdentifier>{21178454-29f2-4046-a1a5-5c718de4df4f}</UniqueIdentifier>
    </Filter>
    <Filter Include="haruna">
      <UniqueIdentifier>{5d7af1bb-63e3-48ff-9145-dbfa128b9d90}</UniqueIdentifier>
    </Filter>
    <Filter Include="haruna\gl">
      <UniqueIdentifier>{2d04f970-5440-4614-8888-cb71afcbaf98}</UniqueIdentifier>
    </Filter>
    <Filter Include="sora\io">
      <UniqueIdentifier>{46364f49-4fa2-4805-b12e-88c28a5b2cfb}</UniqueIdentifier>
    </Filter>
    <Filter Include="minizip">
      <UniqueIdentifier>{ff6580d9-3cd6-4020-a4a3-97bffe3d1849}</UniqueIdentifier>
    </Filter>
  </ItemGroup>
  <ItemGroup>
    <ClCompile Include="haruna\gl\shader.cpp">
      <Filter>haruna\gl</Filter>
    </ClCompile>
    <ClCompile Include="stdafx.cpp">
      <Filter>support</Filter>
    </ClCompile>
    <ClCompile Include="sora\logger.cpp">
      <Filter>sora</Filter>
    </ClCompile>
    <ClCompile Include="haruna\primitive_mesh.cpp">
      <Filter>haruna</Filter>
    </ClCompile>
    <ClCompile Include="haruna\gl\texture.cpp">
      <Filter>haruna\gl</Filter>
    </ClCompile>
    <ClCompile Include="haruna\lodepng.cpp">
      <Filter>haruna</Filter>
    </ClCompile>
    <ClCompile Include="haruna\gl\gl_env.cpp">
      <Filter>haruna\gl</Filter>
    </ClCompile>
    <ClCompile Include="sora\common_string.cpp">
      <Filter>sora</Filter>
    </ClCompile>
    <ClCompile Include="haruna\parametric_surface.cpp">
      <Filter>haruna</Filter>
    </ClCompile>
    <ClCompile Include="sora\math_helper.cpp">
      <Filter>sora</Filter>
    </ClCompile>
    <ClCompile Include="haruna\gl\frame_buffer.cpp">
      <Filter>haruna\gl</Filter>
    </ClCompile>
    <ClCompile Include="haruna\gl\buffer_object.cpp">
      <Filter>haruna\gl</Filter>
    </ClCompile>
    <ClCompile Include="sora\stack_allocator.cpp">
      <Filter>sora</Filter>
    </ClCompile>
    <ClCompile Include="haruna\debug_draw_manager.cpp">
      <Filter>haruna</Filter>
    </ClCompile>
    <ClCompile Include="haruna\gl\debug_draw.cpp">
      <Filter>haruna\gl</Filter>
    </ClCompile>
    <ClCompile Include="haruna\gl\sys_font.cpp">
      <Filter>haruna\gl</Filter>
    </ClCompile>
    <ClCompile Include="haruna\gl\render_state.cpp">
      <Filter>haruna\gl</Filter>
    </ClCompile>
    <ClCompile Include="sora\io\memory_file.cpp">
      <Filter>sora\io</Filter>
    </ClCompile>
    <ClCompile Include="sora\io\filesystem.cpp">
      <Filter>sora\io</Filter>
    </ClCompile>
    <ClCompile Include="sora\io\low_level_c_file.cpp">
      <Filter>sora\io</Filter>
    </ClCompile>
    <ClCompile Include="sora\io\zip_helper.cpp">
      <Filter>sora\io</Filter>
    </ClCompile>
    <ClCompile Include="minizip\ioapi.cpp">
      <Filter>minizip</Filter>
    </ClCompile>
    <ClCompile Include="minizip\iowin32.cpp">
      <Filter>minizip</Filter>
    </ClCompile>
    <ClCompile Include="minizip\mztools.cpp">
      <Filter>minizip</Filter>
    </ClCompile>
    <ClCompile Include="minizip\unzip.cpp">
      <Filter>minizip</Filter>
    </ClCompile>
    <ClCompile Include="minizip\zip.cpp">
      <Filter>minizip</Filter>
    </ClCompile>
  </ItemGroup>
  <ItemGroup>
    <ClInclude Include="haruna\gl\shader.h">
      <Filter>haruna\gl</Filter>
    </ClInclude>
    <ClInclude Include="stdafx.h">
      <Filter>support</Filter>
    </ClInclude>
    <ClInclude Include="sora\assert_inc.h">
      <Filter>sora</Filter>
    </ClInclude>
    <ClInclude Include="sora\arch.h">
      <Filter>sora</Filter>
    </ClInclude>
    <ClInclude Include="sora\logger.h">
      <Filter>sora</Filter>
    </ClInclude>
    <ClInclude Include="sora\template_lib.h">
      <Filter>sora</Filter>
    </ClInclude>
    <ClInclude Include="haruna\vertex.h">
      <Filter>haruna</Filter>
    </ClInclude>
    <ClInclude Include="haruna\primitive_mesh.h">
      <Filter>haruna</Filter>
    </ClInclude>
    <ClInclude Include="haruna\gl\texture.h">
      <Filter>haruna\gl</Filter>
    </ClInclude>
    <ClInclude Include="haruna\lodepng.h">
      <Filter>haruna</Filter>
    </ClInclude>
    <ClInclude Include="haruna\gl\gl_env.h">
      <Filter>haruna\gl</Filter>
    </ClInclude>
    <ClInclude Include="sora\common_string.h">
      <Filter>sora</Filter>
    </ClInclude>
    <ClInclude Include="haruna\parametric_surface.h">
      <Filter>haruna</Filter>
    </ClInclude>
    <ClInclude Include="haruna\parametric_equations.h">
      <Filter>haruna</Filter>
    </ClInclude>
    <ClInclude Include="sora\math_helper.h">
      <Filter>sora</Filter>
    </ClInclude>
    <ClInclude Include="haruna\gl\frame_buffer.h">
      <Filter>haruna\gl</Filter>
    </ClInclude>
    <ClInclude Include="haruna\gl\buffer_object.h">
      <Filter>haruna\gl</Filter>
    </ClInclude>
    <ClInclude Include="sora\string_util.h">
      <Filter>sora</Filter>
    </ClInclude>
    <ClInclude Include="sora\stack_allocator.h">
      <Filter>sora</Filter>
    </ClInclude>
    <ClInclude Include="sora\string_hash.h">
      <Filter>sora</Filter>
    </ClInclude>
    <ClInclude Include="haruna\debug_draw_manager.h">
      <Filter>haruna</Filter>
    </ClInclude>
    <ClInclude Include="haruna\gl\debug_draw.h">
      <Filter>haruna\gl</Filter>
    </ClInclude>
    <ClInclude Include="haruna\gl\sys_font.h">
      <Filter>haruna\gl</Filter>
    </ClInclude>
    <ClInclude Include="haruna\gl\render_state.h">
      <Filter>haruna\gl</Filter>
    </ClInclude>
    <ClInclude Include="haruna\teapot.h">
      <Filter>haruna</Filter>
    </ClInclude>
    <ClInclude Include="sora\io\low_level_c_file.h">
      <Filter>sora\io</Filter>
    </ClInclude>
    <ClInclude Include="sora\io\memory_file.h">
      <Filter>sora\io</Filter>
    </ClInclude>
    <ClInclude Include="sora\io\filesystem.h">
      <Filter>sora\io</Filter>
    </ClInclude>
    <ClInclude Include="sora\io\zip_helper.h">
      <Filter>sora\io</Filter>
    </ClInclude>
    <ClInclude Include="minizip\zip.h">
      <Filter>minizip</Filter>
    </ClInclude>
    <ClInclude Include="minizip\crypt.h">
      <Filter>minizip</Filter>
    </ClInclude>
    <ClInclude Include="minizip\ioapi.h">
      <Filter>minizip</Filter>
    </ClInclude>
    <ClInclude Include="minizip\iowin32.h">
      <Filter>minizip</Filter>
    </ClInclude>
    <ClInclude Include="minizip\mztools.h">
      <Filter>minizip</Filter>
    </ClInclude>
    <ClInclude Include="minizip\unzip.h">
      <Filter>minizip</Filter>
    </ClInclude>
  </ItemGroup>
</Project>